// !$*UTF8*$!
{
	archiveVersion = 1;
	classes = {
	};
	objectVersion = 51;
	objects = {

/* Begin PBXBuildFile section */
		2E1A592A1E783459846C47DA /* Pods_FtpUploadDemo.framework in Frameworks */ = {isa = PBXBuildFile; fileRef = 30CDE4E7630C196ED0CDB934 /* Pods_FtpUploadDemo.framework */; };
		819156951CFCCCB2EBE111CA /* Pods_FtpUploadDemoTests.framework in Frameworks */ = {isa = PBXBuildFile; fileRef = 3E4C15F2BE640E7C61322F64 /* Pods_FtpUploadDemoTests.framework */; };
		860F0EFA268198EC008029AF /* PhotoPickerModel.swift in Sources */ = {isa = PBXBuildFile; fileRef = 860F0EF9268198EC008029AF /* PhotoPickerModel.swift */; };
		860F0EFC26819ADB008029AF /* LivePhotoView.swift in Sources */ = {isa = PBXBuildFile; fileRef = 860F0EFB26819ADB008029AF /* LivePhotoView.swift */; };
		861D16852695FB8900F84AD2 /* VideoView.swift in Sources */ = {isa = PBXBuildFile; fileRef = 861D16842695FB8900F84AD2 /* VideoView.swift */; };
		861D16882696014200F84AD2 /* VideoEditor.swift in Sources */ = {isa = PBXBuildFile; fileRef = 861D16872696014200F84AD2 /* VideoEditor.swift */; };
		8664CF6E267A0DE000AE2E36 /* FtpUploadDemoApp.swift in Sources */ = {isa = PBXBuildFile; fileRef = 8664CF6D267A0DE000AE2E36 /* FtpUploadDemoApp.swift */; };
		8664CF70267A0DE000AE2E36 /* ContentView.swift in Sources */ = {isa = PBXBuildFile; fileRef = 8664CF6F267A0DE000AE2E36 /* ContentView.swift */; };
		8664CF72267A0DE100AE2E36 /* Assets.xcassets in Resources */ = {isa = PBXBuildFile; fileRef = 8664CF71267A0DE100AE2E36 /* Assets.xcassets */; };
		8664CF75267A0DE100AE2E36 /* Preview Assets.xcassets in Resources */ = {isa = PBXBuildFile; fileRef = 8664CF74267A0DE100AE2E36 /* Preview Assets.xcassets */; };
		8664CF80267A0DE100AE2E36 /* FtpUploadDemoTests.swift in Sources */ = {isa = PBXBuildFile; fileRef = 8664CF7F267A0DE100AE2E36 /* FtpUploadDemoTests.swift */; };
		8664CF8B267A0DE100AE2E36 /* FtpUploadDemoUITests.swift in Sources */ = {isa = PBXBuildFile; fileRef = 8664CF8A267A0DE100AE2E36 /* FtpUploadDemoUITests.swift */; };
		8664CF9C267A0E3000AE2E36 /* UrlImageModel.swift in Sources */ = {isa = PBXBuildFile; fileRef = 8664CF99267A0E3000AE2E36 /* UrlImageModel.swift */; };
		8664CF9D267A0E3000AE2E36 /* ImagePicker.swift in Sources */ = {isa = PBXBuildFile; fileRef = 8664CF9A267A0E3000AE2E36 /* ImagePicker.swift */; };
		8664CF9E267A0E3000AE2E36 /* PhotoPicker.swift in Sources */ = {isa = PBXBuildFile; fileRef = 8664CF9B267A0E3000AE2E36 /* PhotoPicker.swift */; };
		8664CFA2267A0ED500AE2E36 /* Upload.swift in Sources */ = {isa = PBXBuildFile; fileRef = 8664CFA0267A0ED500AE2E36 /* Upload.swift */; };
		8664CFA3267A0ED500AE2E36 /* Library.swift in Sources */ = {isa = PBXBuildFile; fileRef = 8664CFA1267A0ED500AE2E36 /* Library.swift */; };
		8664CFA5267A4FD400AE2E36 /* AMSMB2.framework in Frameworks */ = {isa = PBXBuildFile; fileRef = 8664CFA4267A4FD400AE2E36 /* AMSMB2.framework */; };
		FAA361A8F63C514A3A241A52 /* Pods_FtpUploadDemo_FtpUploadDemoUITests.framework in Frameworks */ = {isa = PBXBuildFile; fileRef = 25A54F9253AE1A10AC2F161A /* Pods_FtpUploadDemo_FtpUploadDemoUITests.framework */; };
/* End PBXBuildFile section */

/* Begin PBXContainerItemProxy section */
		8664CF7C267A0DE100AE2E36 /* PBXContainerItemProxy */ = {
			isa = PBXContainerItemProxy;
			containerPortal = 8664CF62267A0DE000AE2E36 /* Project object */;
			proxyType = 1;
			remoteGlobalIDString = 8664CF69267A0DE000AE2E36;
			remoteInfo = FtpUploadDemo;
		};
		8664CF87267A0DE100AE2E36 /* PBXContainerItemProxy */ = {
			isa = PBXContainerItemProxy;
			containerPortal = 8664CF62267A0DE000AE2E36 /* Project object */;
			proxyType = 1;
			remoteGlobalIDString = 8664CF69267A0DE000AE2E36;
			remoteInfo = FtpUploadDemo;
		};
/* End PBXContainerItemProxy section */

/* Begin PBXFileReference section */
		25A54F9253AE1A10AC2F161A /* Pods_FtpUploadDemo_FtpUploadDemoUITests.framework */ = {isa = PBXFileReference; explicitFileType = wrapper.framework; includeInIndex = 0; path = Pods_FtpUploadDemo_FtpUploadDemoUITests.framework; sourceTree = BUILT_PRODUCTS_DIR; };
		2C2C893AD3EAB0403523D1C7 /* Pods-FtpUploadDemo.release.xcconfig */ = {isa = PBXFileReference; includeInIndex = 1; lastKnownFileType = text.xcconfig; name = "Pods-FtpUploadDemo.release.xcconfig"; path = "Target Support Files/Pods-FtpUploadDemo/Pods-FtpUploadDemo.release.xcconfig"; sourceTree = "<group>"; };
		30CDE4E7630C196ED0CDB934 /* Pods_FtpUploadDemo.framework */ = {isa = PBXFileReference; explicitFileType = wrapper.framework; includeInIndex = 0; path = Pods_FtpUploadDemo.framework; sourceTree = BUILT_PRODUCTS_DIR; };
		3E4C15F2BE640E7C61322F64 /* Pods_FtpUploadDemoTests.framework */ = {isa = PBXFileReference; explicitFileType = wrapper.framework; includeInIndex = 0; path = Pods_FtpUploadDemoTests.framework; sourceTree = BUILT_PRODUCTS_DIR; };
		6E705B06F031C6B29204FAB0 /* Pods-FtpUploadDemo.debug.xcconfig */ = {isa = PBXFileReference; includeInIndex = 1; lastKnownFileType = text.xcconfig; name = "Pods-FtpUploadDemo.debug.xcconfig"; path = "Target Support Files/Pods-FtpUploadDemo/Pods-FtpUploadDemo.debug.xcconfig"; sourceTree = "<group>"; };
		72EB526B98B13DAA51EB9C22 /* Pods-FtpUploadDemoTests.debug.xcconfig */ = {isa = PBXFileReference; includeInIndex = 1; lastKnownFileType = text.xcconfig; name = "Pods-FtpUploadDemoTests.debug.xcconfig"; path = "Target Support Files/Pods-FtpUploadDemoTests/Pods-FtpUploadDemoTests.debug.xcconfig"; sourceTree = "<group>"; };
		860F0EF9268198EC008029AF /* PhotoPickerModel.swift */ = {isa = PBXFileReference; lastKnownFileType = sourcecode.swift; path = PhotoPickerModel.swift; sourceTree = "<group>"; };
		860F0EFB26819ADB008029AF /* LivePhotoView.swift */ = {isa = PBXFileReference; lastKnownFileType = sourcecode.swift; path = LivePhotoView.swift; sourceTree = "<group>"; };
		861D16842695FB8900F84AD2 /* VideoView.swift */ = {isa = PBXFileReference; lastKnownFileType = sourcecode.swift; path = VideoView.swift; sourceTree = "<group>"; };
		861D16872696014200F84AD2 /* VideoEditor.swift */ = {isa = PBXFileReference; fileEncoding = 4; lastKnownFileType = sourcecode.swift; path = VideoEditor.swift; sourceTree = "<group>"; };
		8664CF6A267A0DE000AE2E36 /* FtpUploadDemo.app */ = {isa = PBXFileReference; explicitFileType = wrapper.application; includeInIndex = 0; path = FtpUploadDemo.app; sourceTree = BUILT_PRODUCTS_DIR; };
		8664CF6D267A0DE000AE2E36 /* FtpUploadDemoApp.swift */ = {isa = PBXFileReference; lastKnownFileType = sourcecode.swift; path = FtpUploadDemoApp.swift; sourceTree = "<group>"; };
		8664CF6F267A0DE000AE2E36 /* ContentView.swift */ = {isa = PBXFileReference; lastKnownFileType = sourcecode.swift; path = ContentView.swift; sourceTree = "<group>"; };
		8664CF71267A0DE100AE2E36 /* Assets.xcassets */ = {isa = PBXFileReference; lastKnownFileType = folder.assetcatalog; path = Assets.xcassets; sourceTree = "<group>"; };
		8664CF74267A0DE100AE2E36 /* Preview Assets.xcassets */ = {isa = PBXFileReference; lastKnownFileType = folder.assetcatalog; path = "Preview Assets.xcassets"; sourceTree = "<group>"; };
		8664CF76267A0DE100AE2E36 /* Info.plist */ = {isa = PBXFileReference; lastKnownFileType = text.plist.xml; path = Info.plist; sourceTree = "<group>"; };
		8664CF7B267A0DE100AE2E36 /* FtpUploadDemoTests.xctest */ = {isa = PBXFileReference; explicitFileType = wrapper.cfbundle; includeInIndex = 0; path = FtpUploadDemoTests.xctest; sourceTree = BUILT_PRODUCTS_DIR; };
		8664CF7F267A0DE100AE2E36 /* FtpUploadDemoTests.swift */ = {isa = PBXFileReference; lastKnownFileType = sourcecode.swift; path = FtpUploadDemoTests.swift; sourceTree = "<group>"; };
		8664CF81267A0DE100AE2E36 /* Info.plist */ = {isa = PBXFileReference; lastKnownFileType = text.plist.xml; path = Info.plist; sourceTree = "<group>"; };
		8664CF86267A0DE100AE2E36 /* FtpUploadDemoUITests.xctest */ = {isa = PBXFileReference; explicitFileType = wrapper.cfbundle; includeInIndex = 0; path = FtpUploadDemoUITests.xctest; sourceTree = BUILT_PRODUCTS_DIR; };
		8664CF8A267A0DE100AE2E36 /* FtpUploadDemoUITests.swift */ = {isa = PBXFileReference; lastKnownFileType = sourcecode.swift; path = FtpUploadDemoUITests.swift; sourceTree = "<group>"; };
		8664CF8C267A0DE100AE2E36 /* Info.plist */ = {isa = PBXFileReference; lastKnownFileType = text.plist.xml; path = Info.plist; sourceTree = "<group>"; };
		8664CF99267A0E3000AE2E36 /* UrlImageModel.swift */ = {isa = PBXFileReference; fileEncoding = 4; lastKnownFileType = sourcecode.swift; path = UrlImageModel.swift; sourceTree = "<group>"; };
		8664CF9A267A0E3000AE2E36 /* ImagePicker.swift */ = {isa = PBXFileReference; fileEncoding = 4; lastKnownFileType = sourcecode.swift; path = ImagePicker.swift; sourceTree = "<group>"; };
		8664CF9B267A0E3000AE2E36 /* PhotoPicker.swift */ = {isa = PBXFileReference; fileEncoding = 4; lastKnownFileType = sourcecode.swift; path = PhotoPicker.swift; sourceTree = "<group>"; };
		8664CFA0267A0ED500AE2E36 /* Upload.swift */ = {isa = PBXFileReference; fileEncoding = 4; lastKnownFileType = sourcecode.swift; path = Upload.swift; sourceTree = "<group>"; };
		8664CFA1267A0ED500AE2E36 /* Library.swift */ = {isa = PBXFileReference; fileEncoding = 4; lastKnownFileType = sourcecode.swift; path = Library.swift; sourceTree = "<group>"; };
		8664CFA4267A4FD400AE2E36 /* AMSMB2.framework */ = {isa = PBXFileReference; explicitFileType = wrapper.framework; path = AMSMB2.framework; sourceTree = BUILT_PRODUCTS_DIR; };
		8EBE30A90494BFFECF43D3F3 /* Pods-FtpUploadDemo-FtpUploadDemoUITests.debug.xcconfig */ = {isa = PBXFileReference; includeInIndex = 1; lastKnownFileType = text.xcconfig; name = "Pods-FtpUploadDemo-FtpUploadDemoUITests.debug.xcconfig"; path = "Target Support Files/Pods-FtpUploadDemo-FtpUploadDemoUITests/Pods-FtpUploadDemo-FtpUploadDemoUITests.debug.xcconfig"; sourceTree = "<group>"; };
		CCDE1EA0AAA479C3739F9336 /* Pods-FtpUploadDemoTests.release.xcconfig */ = {isa = PBXFileReference; includeInIndex = 1; lastKnownFileType = text.xcconfig; name = "Pods-FtpUploadDemoTests.release.xcconfig"; path = "Target Support Files/Pods-FtpUploadDemoTests/Pods-FtpUploadDemoTests.release.xcconfig"; sourceTree = "<group>"; };
		F3443BCB170AF866CA798634 /* Pods-FtpUploadDemo-FtpUploadDemoUITests.release.xcconfig */ = {isa = PBXFileReference; includeInIndex = 1; lastKnownFileType = text.xcconfig; name = "Pods-FtpUploadDemo-FtpUploadDemoUITests.release.xcconfig"; path = "Target Support Files/Pods-FtpUploadDemo-FtpUploadDemoUITests/Pods-FtpUploadDemo-FtpUploadDemoUITests.release.xcconfig"; sourceTree = "<group>"; };
/* End PBXFileReference section */

/* Begin PBXFrameworksBuildPhase section */
		8664CF67267A0DE000AE2E36 /* Frameworks */ = {
			isa = PBXFrameworksBuildPhase;
			buildActionMask = 2147483647;
			files = (
				8664CFA5267A4FD400AE2E36 /* AMSMB2.framework in Frameworks */,
				2E1A592A1E783459846C47DA /* Pods_FtpUploadDemo.framework in Frameworks */,
			);
			runOnlyForDeploymentPostprocessing = 0;
		};
		8664CF78267A0DE100AE2E36 /* Frameworks */ = {
			isa = PBXFrameworksBuildPhase;
			buildActionMask = 2147483647;
			files = (
				819156951CFCCCB2EBE111CA /* Pods_FtpUploadDemoTests.framework in Frameworks */,
			);
			runOnlyForDeploymentPostprocessing = 0;
		};
		8664CF83267A0DE100AE2E36 /* Frameworks */ = {
			isa = PBXFrameworksBuildPhase;
			buildActionMask = 2147483647;
			files = (
				FAA361A8F63C514A3A241A52 /* Pods_FtpUploadDemo_FtpUploadDemoUITests.framework in Frameworks */,
			);
			runOnlyForDeploymentPostprocessing = 0;
		};
/* End PBXFrameworksBuildPhase section */

/* Begin PBXGroup section */
		311701C220640C41F501475D /* Pods */ = {
			isa = PBXGroup;
			children = (
				6E705B06F031C6B29204FAB0 /* Pods-FtpUploadDemo.debug.xcconfig */,
				2C2C893AD3EAB0403523D1C7 /* Pods-FtpUploadDemo.release.xcconfig */,
				8EBE30A90494BFFECF43D3F3 /* Pods-FtpUploadDemo-FtpUploadDemoUITests.debug.xcconfig */,
				F3443BCB170AF866CA798634 /* Pods-FtpUploadDemo-FtpUploadDemoUITests.release.xcconfig */,
				72EB526B98B13DAA51EB9C22 /* Pods-FtpUploadDemoTests.debug.xcconfig */,
				CCDE1EA0AAA479C3739F9336 /* Pods-FtpUploadDemoTests.release.xcconfig */,
			);
			path = Pods;
			sourceTree = "<group>";
		};
		861D16862696013300F84AD2 /* Helpers */ = {
			isa = PBXGroup;
			children = (
				861D16872696014200F84AD2 /* VideoEditor.swift */,
			);
			path = Helpers;
			sourceTree = "<group>";
		};
		8664CF61267A0DE000AE2E36 = {
			isa = PBXGroup;
			children = (
				8664CF6C267A0DE000AE2E36 /* FtpUploadDemo */,
				8664CF7E267A0DE100AE2E36 /* FtpUploadDemoTests */,
				8664CF89267A0DE100AE2E36 /* FtpUploadDemoUITests */,
				8664CF6B267A0DE000AE2E36 /* Products */,
				311701C220640C41F501475D /* Pods */,
				F1B1734F30E1521F05A0887F /* Frameworks */,
			);
			sourceTree = "<group>";
		};
		8664CF6B267A0DE000AE2E36 /* Products */ = {
			isa = PBXGroup;
			children = (
				8664CF6A267A0DE000AE2E36 /* FtpUploadDemo.app */,
				8664CF7B267A0DE100AE2E36 /* FtpUploadDemoTests.xctest */,
				8664CF86267A0DE100AE2E36 /* FtpUploadDemoUITests.xctest */,
			);
			name = Products;
			sourceTree = "<group>";
		};
		8664CF6C267A0DE000AE2E36 /* FtpUploadDemo */ = {
			isa = PBXGroup;
			children = (
				861D16862696013300F84AD2 /* Helpers */,
				8664CF9F267A0EC400AE2E36 /* View */,
				8664CF98267A0E1000AE2E36 /* Model */,
				8664CF6D267A0DE000AE2E36 /* FtpUploadDemoApp.swift */,
				8664CF6F267A0DE000AE2E36 /* ContentView.swift */,
				8664CF71267A0DE100AE2E36 /* Assets.xcassets */,
				8664CF76267A0DE100AE2E36 /* Info.plist */,
				8664CF73267A0DE100AE2E36 /* Preview Content */,
			);
			path = FtpUploadDemo;
			sourceTree = "<group>";
		};
		8664CF73267A0DE100AE2E36 /* Preview Content */ = {
			isa = PBXGroup;
			children = (
				8664CF74267A0DE100AE2E36 /* Preview Assets.xcassets */,
			);
			path = "Preview Content";
			sourceTree = "<group>";
		};
		8664CF7E267A0DE100AE2E36 /* FtpUploadDemoTests */ = {
			isa = PBXGroup;
			children = (
				8664CF7F267A0DE100AE2E36 /* FtpUploadDemoTests.swift */,
				8664CF81267A0DE100AE2E36 /* Info.plist */,
			);
			path = FtpUploadDemoTests;
			sourceTree = "<group>";
		};
		8664CF89267A0DE100AE2E36 /* FtpUploadDemoUITests */ = {
			isa = PBXGroup;
			children = (
				8664CF8A267A0DE100AE2E36 /* FtpUploadDemoUITests.swift */,
				8664CF8C267A0DE100AE2E36 /* Info.plist */,
			);
			path = FtpUploadDemoUITests;
			sourceTree = "<group>";
		};
		8664CF98267A0E1000AE2E36 /* Model */ = {
			isa = PBXGroup;
			children = (
				8664CF9A267A0E3000AE2E36 /* ImagePicker.swift */,
				8664CF9B267A0E3000AE2E36 /* PhotoPicker.swift */,
				8664CF99267A0E3000AE2E36 /* UrlImageModel.swift */,
				860F0EF9268198EC008029AF /* PhotoPickerModel.swift */,
				860F0EFB26819ADB008029AF /* LivePhotoView.swift */,
			);
			path = Model;
			sourceTree = "<group>";
		};
		8664CF9F267A0EC400AE2E36 /* View */ = {
			isa = PBXGroup;
			children = (
				8664CFA1267A0ED500AE2E36 /* Library.swift */,
				8664CFA0267A0ED500AE2E36 /* Upload.swift */,
				861D16842695FB8900F84AD2 /* VideoView.swift */,
			);
			path = View;
			sourceTree = "<group>";
		};
		F1B1734F30E1521F05A0887F /* Frameworks */ = {
			isa = PBXGroup;
			children = (
				8664CFA4267A4FD400AE2E36 /* AMSMB2.framework */,
				30CDE4E7630C196ED0CDB934 /* Pods_FtpUploadDemo.framework */,
				25A54F9253AE1A10AC2F161A /* Pods_FtpUploadDemo_FtpUploadDemoUITests.framework */,
				3E4C15F2BE640E7C61322F64 /* Pods_FtpUploadDemoTests.framework */,
			);
			name = Frameworks;
			sourceTree = "<group>";
		};
/* End PBXGroup section */

/* Begin PBXNativeTarget section */
		8664CF69267A0DE000AE2E36 /* FtpUploadDemo */ = {
			isa = PBXNativeTarget;
			buildConfigurationList = 8664CF8F267A0DE100AE2E36 /* Build configuration list for PBXNativeTarget "FtpUploadDemo" */;
			buildPhases = (
				C976FB4F6D5C7A43E21733E0 /* [CP] Check Pods Manifest.lock */,
				8664CF66267A0DE000AE2E36 /* Sources */,
				8664CF67267A0DE000AE2E36 /* Frameworks */,
				8664CF68267A0DE000AE2E36 /* Resources */,
				B4F21DB30ADDC3D834321744 /* [CP] Embed Pods Frameworks */,
			);
			buildRules = (
			);
			dependencies = (
			);
			name = FtpUploadDemo;
			productName = FtpUploadDemo;
			productReference = 8664CF6A267A0DE000AE2E36 /* FtpUploadDemo.app */;
			productType = "com.apple.product-type.application";
		};
		8664CF7A267A0DE100AE2E36 /* FtpUploadDemoTests */ = {
			isa = PBXNativeTarget;
			buildConfigurationList = 8664CF92267A0DE100AE2E36 /* Build configuration list for PBXNativeTarget "FtpUploadDemoTests" */;
			buildPhases = (
				2FFACFEF22034E5225E5342E /* [CP] Check Pods Manifest.lock */,
				8664CF77267A0DE100AE2E36 /* Sources */,
				8664CF78267A0DE100AE2E36 /* Frameworks */,
				8664CF79267A0DE100AE2E36 /* Resources */,
			);
			buildRules = (
			);
			dependencies = (
				8664CF7D267A0DE100AE2E36 /* PBXTargetDependency */,
			);
			name = FtpUploadDemoTests;
			productName = FtpUploadDemoTests;
			productReference = 8664CF7B267A0DE100AE2E36 /* FtpUploadDemoTests.xctest */;
			productType = "com.apple.product-type.bundle.unit-test";
		};
		8664CF85267A0DE100AE2E36 /* FtpUploadDemoUITests */ = {
			isa = PBXNativeTarget;
			buildConfigurationList = 8664CF95267A0DE100AE2E36 /* Build configuration list for PBXNativeTarget "FtpUploadDemoUITests" */;
			buildPhases = (
				23DAAE7653E8E8BBBD285CFC /* [CP] Check Pods Manifest.lock */,
				8664CF82267A0DE100AE2E36 /* Sources */,
				8664CF83267A0DE100AE2E36 /* Frameworks */,
				8664CF84267A0DE100AE2E36 /* Resources */,
				0CACFF0B9146F700552DDA72 /* [CP] Embed Pods Frameworks */,
			);
			buildRules = (
			);
			dependencies = (
				8664CF88267A0DE100AE2E36 /* PBXTargetDependency */,
			);
			name = FtpUploadDemoUITests;
			productName = FtpUploadDemoUITests;
			productReference = 8664CF86267A0DE100AE2E36 /* FtpUploadDemoUITests.xctest */;
			productType = "com.apple.product-type.bundle.ui-testing";
		};
/* End PBXNativeTarget section */

/* Begin PBXProject section */
		8664CF62267A0DE000AE2E36 /* Project object */ = {
			isa = PBXProject;
			attributes = {
				LastSwiftUpdateCheck = 1250;
				LastUpgradeCheck = 1250;
				TargetAttributes = {
					8664CF69267A0DE000AE2E36 = {
						CreatedOnToolsVersion = 12.5;
					};
					8664CF7A267A0DE100AE2E36 = {
						CreatedOnToolsVersion = 12.5;
						TestTargetID = 8664CF69267A0DE000AE2E36;
					};
					8664CF85267A0DE100AE2E36 = {
						CreatedOnToolsVersion = 12.5;
						TestTargetID = 8664CF69267A0DE000AE2E36;
					};
				};
			};
			buildConfigurationList = 8664CF65267A0DE000AE2E36 /* Build configuration list for PBXProject "FtpUploadDemo" */;
			compatibilityVersion = "Xcode 9.3";
			developmentRegion = en;
			hasScannedForEncodings = 0;
			knownRegions = (
				en,
				Base,
			);
			mainGroup = 8664CF61267A0DE000AE2E36;
			productRefGroup = 8664CF6B267A0DE000AE2E36 /* Products */;
			projectDirPath = "";
			projectRoot = "";
			targets = (
				8664CF69267A0DE000AE2E36 /* FtpUploadDemo */,
				8664CF7A267A0DE100AE2E36 /* FtpUploadDemoTests */,
				8664CF85267A0DE100AE2E36 /* FtpUploadDemoUITests */,
			);
		};
/* End PBXProject section */

/* Begin PBXResourcesBuildPhase section */
		8664CF68267A0DE000AE2E36 /* Resources */ = {
			isa = PBXResourcesBuildPhase;
			buildActionMask = 2147483647;
			files = (
				8664CF75267A0DE100AE2E36 /* Preview Assets.xcassets in Resources */,
				8664CF72267A0DE100AE2E36 /* Assets.xcassets in Resources */,
			);
			runOnlyForDeploymentPostprocessing = 0;
		};
		8664CF79267A0DE100AE2E36 /* Resources */ = {
			isa = PBXResourcesBuildPhase;
			buildActionMask = 2147483647;
			files = (
			);
			runOnlyForDeploymentPostprocessing = 0;
		};
		8664CF84267A0DE100AE2E36 /* Resources */ = {
			isa = PBXResourcesBuildPhase;
			buildActionMask = 2147483647;
			files = (
			);
			runOnlyForDeploymentPostprocessing = 0;
		};
/* End PBXResourcesBuildPhase section */

/* Begin PBXShellScriptBuildPhase section */
		0CACFF0B9146F700552DDA72 /* [CP] Embed Pods Frameworks */ = {
			isa = PBXShellScriptBuildPhase;
			buildActionMask = 2147483647;
			files = (
			);
			inputFileListPaths = (
				"${PODS_ROOT}/Target Support Files/Pods-FtpUploadDemo-FtpUploadDemoUITests/Pods-FtpUploadDemo-FtpUploadDemoUITests-frameworks-${CONFIGURATION}-input-files.xcfilelist",
			);
			name = "[CP] Embed Pods Frameworks";
			outputFileListPaths = (
				"${PODS_ROOT}/Target Support Files/Pods-FtpUploadDemo-FtpUploadDemoUITests/Pods-FtpUploadDemo-FtpUploadDemoUITests-frameworks-${CONFIGURATION}-output-files.xcfilelist",
			);
			runOnlyForDeploymentPostprocessing = 0;
			shellPath = /bin/sh;
			shellScript = "\"${PODS_ROOT}/Target Support Files/Pods-FtpUploadDemo-FtpUploadDemoUITests/Pods-FtpUploadDemo-FtpUploadDemoUITests-frameworks.sh\"\n";
			showEnvVarsInLog = 0;
		};
		23DAAE7653E8E8BBBD285CFC /* [CP] Check Pods Manifest.lock */ = {
			isa = PBXShellScriptBuildPhase;
			buildActionMask = 2147483647;
			files = (
			);
			inputFileListPaths = (
			);
			inputPaths = (
				"${PODS_PODFILE_DIR_PATH}/Podfile.lock",
				"${PODS_ROOT}/Manifest.lock",
			);
			name = "[CP] Check Pods Manifest.lock";
			outputFileListPaths = (
			);
			outputPaths = (
				"$(DERIVED_FILE_DIR)/Pods-FtpUploadDemo-FtpUploadDemoUITests-checkManifestLockResult.txt",
			);
			runOnlyForDeploymentPostprocessing = 0;
			shellPath = /bin/sh;
			shellScript = "diff \"${PODS_PODFILE_DIR_PATH}/Podfile.lock\" \"${PODS_ROOT}/Manifest.lock\" > /dev/null\nif [ $? != 0 ] ; then\n    # print error to STDERR\n    echo \"error: The sandbox is not in sync with the Podfile.lock. Run 'pod install' or update your CocoaPods installation.\" >&2\n    exit 1\nfi\n# This output is used by Xcode 'outputs' to avoid re-running this script phase.\necho \"SUCCESS\" > \"${SCRIPT_OUTPUT_FILE_0}\"\n";
			showEnvVarsInLog = 0;
		};
		2FFACFEF22034E5225E5342E /* [CP] Check Pods Manifest.lock */ = {
			isa = PBXShellScriptBuildPhase;
			buildActionMask = 2147483647;
			files = (
			);
			inputFileListPaths = (
			);
			inputPaths = (
				"${PODS_PODFILE_DIR_PATH}/Podfile.lock",
				"${PODS_ROOT}/Manifest.lock",
			);
			name = "[CP] Check Pods Manifest.lock";
			outputFileListPaths = (
			);
			outputPaths = (
				"$(DERIVED_FILE_DIR)/Pods-FtpUploadDemoTests-checkManifestLockResult.txt",
			);
			runOnlyForDeploymentPostprocessing = 0;
			shellPath = /bin/sh;
			shellScript = "diff \"${PODS_PODFILE_DIR_PATH}/Podfile.lock\" \"${PODS_ROOT}/Manifest.lock\" > /dev/null\nif [ $? != 0 ] ; then\n    # print error to STDERR\n    echo \"error: The sandbox is not in sync with the Podfile.lock. Run 'pod install' or update your CocoaPods installation.\" >&2\n    exit 1\nfi\n# This output is used by Xcode 'outputs' to avoid re-running this script phase.\necho \"SUCCESS\" > \"${SCRIPT_OUTPUT_FILE_0}\"\n";
			showEnvVarsInLog = 0;
		};
		B4F21DB30ADDC3D834321744 /* [CP] Embed Pods Frameworks */ = {
			isa = PBXShellScriptBuildPhase;
			buildActionMask = 2147483647;
			files = (
			);
			inputFileListPaths = (
				"${PODS_ROOT}/Target Support Files/Pods-FtpUploadDemo/Pods-FtpUploadDemo-frameworks-${CONFIGURATION}-input-files.xcfilelist",
			);
			name = "[CP] Embed Pods Frameworks";
			outputFileListPaths = (
				"${PODS_ROOT}/Target Support Files/Pods-FtpUploadDemo/Pods-FtpUploadDemo-frameworks-${CONFIGURATION}-output-files.xcfilelist",
			);
			runOnlyForDeploymentPostprocessing = 0;
			shellPath = /bin/sh;
			shellScript = "\"${PODS_ROOT}/Target Support Files/Pods-FtpUploadDemo/Pods-FtpUploadDemo-frameworks.sh\"\n";
			showEnvVarsInLog = 0;
		};
		C976FB4F6D5C7A43E21733E0 /* [CP] Check Pods Manifest.lock */ = {
			isa = PBXShellScriptBuildPhase;
			buildActionMask = 2147483647;
			files = (
			);
			inputFileListPaths = (
			);
			inputPaths = (
				"${PODS_PODFILE_DIR_PATH}/Podfile.lock",
				"${PODS_ROOT}/Manifest.lock",
			);
			name = "[CP] Check Pods Manifest.lock";
			outputFileListPaths = (
			);
			outputPaths = (
				"$(DERIVED_FILE_DIR)/Pods-FtpUploadDemo-checkManifestLockResult.txt",
			);
			runOnlyForDeploymentPostprocessing = 0;
			shellPath = /bin/sh;
			shellScript = "diff \"${PODS_PODFILE_DIR_PATH}/Podfile.lock\" \"${PODS_ROOT}/Manifest.lock\" > /dev/null\nif [ $? != 0 ] ; then\n    # print error to STDERR\n    echo \"error: The sandbox is not in sync with the Podfile.lock. Run 'pod install' or update your CocoaPods installation.\" >&2\n    exit 1\nfi\n# This output is used by Xcode 'outputs' to avoid re-running this script phase.\necho \"SUCCESS\" > \"${SCRIPT_OUTPUT_FILE_0}\"\n";
			showEnvVarsInLog = 0;
		};
/* End PBXShellScriptBuildPhase section */

/* Begin PBXSourcesBuildPhase section */
		8664CF66267A0DE000AE2E36 /* Sources */ = {
			isa = PBXSourcesBuildPhase;
			buildActionMask = 2147483647;
			files = (
				8664CFA2267A0ED500AE2E36 /* Upload.swift in Sources */,
				8664CFA3267A0ED500AE2E36 /* Library.swift in Sources */,
				860F0EFA268198EC008029AF /* PhotoPickerModel.swift in Sources */,
				8664CF70267A0DE000AE2E36 /* ContentView.swift in Sources */,
				861D16882696014200F84AD2 /* VideoEditor.swift in Sources */,
				8664CF9D267A0E3000AE2E36 /* ImagePicker.swift in Sources */,
				860F0EFC26819ADB008029AF /* LivePhotoView.swift in Sources */,
				861D16852695FB8900F84AD2 /* VideoView.swift in Sources */,
				8664CF6E267A0DE000AE2E36 /* FtpUploadDemoApp.swift in Sources */,
				8664CF9E267A0E3000AE2E36 /* PhotoPicker.swift in Sources */,
				8664CF9C267A0E3000AE2E36 /* UrlImageModel.swift in Sources */,
			);
			runOnlyForDeploymentPostprocessing = 0;
		};
		8664CF77267A0DE100AE2E36 /* Sources */ = {
			isa = PBXSourcesBuildPhase;
			buildActionMask = 2147483647;
			files = (
				8664CF80267A0DE100AE2E36 /* FtpUploadDemoTests.swift in Sources */,
			);
			runOnlyForDeploymentPostprocessing = 0;
		};
		8664CF82267A0DE100AE2E36 /* Sources */ = {
			isa = PBXSourcesBuildPhase;
			buildActionMask = 2147483647;
			files = (
				8664CF8B267A0DE100AE2E36 /* FtpUploadDemoUITests.swift in Sources */,
			);
			runOnlyForDeploymentPostprocessing = 0;
		};
/* End PBXSourcesBuildPhase section */

/* Begin PBXTargetDependency section */
		8664CF7D267A0DE100AE2E36 /* PBXTargetDependency */ = {
			isa = PBXTargetDependency;
			target = 8664CF69267A0DE000AE2E36 /* FtpUploadDemo */;
			targetProxy = 8664CF7C267A0DE100AE2E36 /* PBXContainerItemProxy */;
		};
		8664CF88267A0DE100AE2E36 /* PBXTargetDependency */ = {
			isa = PBXTargetDependency;
			target = 8664CF69267A0DE000AE2E36 /* FtpUploadDemo */;
			targetProxy = 8664CF87267A0DE100AE2E36 /* PBXContainerItemProxy */;
		};
/* End PBXTargetDependency section */

/* Begin XCBuildConfiguration section */
		8664CF8D267A0DE100AE2E36 /* Debug */ = {
			isa = XCBuildConfiguration;
			buildSettings = {
				ALWAYS_SEARCH_USER_PATHS = NO;
				CLANG_ANALYZER_NONNULL = YES;
				CLANG_ANALYZER_NUMBER_OBJECT_CONVERSION = YES_AGGRESSIVE;
				CLANG_CXX_LANGUAGE_STANDARD = "gnu++14";
				CLANG_CXX_LIBRARY = "libc++";
				CLANG_ENABLE_MODULES = YES;
				CLANG_ENABLE_OBJC_ARC = YES;
				CLANG_ENABLE_OBJC_WEAK = YES;
				CLANG_WARN_BLOCK_CAPTURE_AUTORELEASING = YES;
				CLANG_WARN_BOOL_CONVERSION = YES;
				CLANG_WARN_COMMA = YES;
				CLANG_WARN_CONSTANT_CONVERSION = YES;
				CLANG_WARN_DEPRECATED_OBJC_IMPLEMENTATIONS = YES;
				CLANG_WARN_DIRECT_OBJC_ISA_USAGE = YES_ERROR;
				CLANG_WARN_DOCUMENTATION_COMMENTS = YES;
				CLANG_WARN_EMPTY_BODY = YES;
				CLANG_WARN_ENUM_CONVERSION = YES;
				CLANG_WARN_INFINITE_RECURSION = YES;
				CLANG_WARN_INT_CONVERSION = YES;
				CLANG_WARN_NON_LITERAL_NULL_CONVERSION = YES;
				CLANG_WARN_OBJC_IMPLICIT_RETAIN_SELF = YES;
				CLANG_WARN_OBJC_LITERAL_CONVERSION = YES;
				CLANG_WARN_OBJC_ROOT_CLASS = YES_ERROR;
				CLANG_WARN_QUOTED_INCLUDE_IN_FRAMEWORK_HEADER = YES;
				CLANG_WARN_RANGE_LOOP_ANALYSIS = YES;
				CLANG_WARN_STRICT_PROTOTYPES = YES;
				CLANG_WARN_SUSPICIOUS_MOVE = YES;
				CLANG_WARN_UNGUARDED_AVAILABILITY = YES_AGGRESSIVE;
				CLANG_WARN_UNREACHABLE_CODE = YES;
				CLANG_WARN__DUPLICATE_METHOD_MATCH = YES;
				COPY_PHASE_STRIP = NO;
				DEBUG_INFORMATION_FORMAT = dwarf;
				ENABLE_STRICT_OBJC_MSGSEND = YES;
				ENABLE_TESTABILITY = YES;
				GCC_C_LANGUAGE_STANDARD = gnu11;
				GCC_DYNAMIC_NO_PIC = NO;
				GCC_NO_COMMON_BLOCKS = YES;
				GCC_OPTIMIZATION_LEVEL = 0;
				GCC_PREPROCESSOR_DEFINITIONS = (
					"DEBUG=1",
					"$(inherited)",
				);
				GCC_WARN_64_TO_32_BIT_CONVERSION = YES;
				GCC_WARN_ABOUT_RETURN_TYPE = YES_ERROR;
				GCC_WARN_UNDECLARED_SELECTOR = YES;
				GCC_WARN_UNINITIALIZED_AUTOS = YES_AGGRESSIVE;
				GCC_WARN_UNUSED_FUNCTION = YES;
				GCC_WARN_UNUSED_VARIABLE = YES;
				IPHONEOS_DEPLOYMENT_TARGET = 14.5;
				MTL_ENABLE_DEBUG_INFO = INCLUDE_SOURCE;
				MTL_FAST_MATH = YES;
				ONLY_ACTIVE_ARCH = YES;
				SDKROOT = iphoneos;
				SWIFT_ACTIVE_COMPILATION_CONDITIONS = DEBUG;
				SWIFT_OPTIMIZATION_LEVEL = "-Onone";
			};
			name = Debug;
		};
		8664CF8E267A0DE100AE2E36 /* Release */ = {
			isa = XCBuildConfiguration;
			buildSettings = {
				ALWAYS_SEARCH_USER_PATHS = NO;
				CLANG_ANALYZER_NONNULL = YES;
				CLANG_ANALYZER_NUMBER_OBJECT_CONVERSION = YES_AGGRESSIVE;
				CLANG_CXX_LANGUAGE_STANDARD = "gnu++14";
				CLANG_CXX_LIBRARY = "libc++";
				CLANG_ENABLE_MODULES = YES;
				CLANG_ENABLE_OBJC_ARC = YES;
				CLANG_ENABLE_OBJC_WEAK = YES;
				CLANG_WARN_BLOCK_CAPTURE_AUTORELEASING = YES;
				CLANG_WARN_BOOL_CONVERSION = YES;
				CLANG_WARN_COMMA = YES;
				CLANG_WARN_CONSTANT_CONVERSION = YES;
				CLANG_WARN_DEPRECATED_OBJC_IMPLEMENTATIONS = YES;
				CLANG_WARN_DIRECT_OBJC_ISA_USAGE = YES_ERROR;
				CLANG_WARN_DOCUMENTATION_COMMENTS = YES;
				CLANG_WARN_EMPTY_BODY = YES;
				CLANG_WARN_ENUM_CONVERSION = YES;
				CLANG_WARN_INFINITE_RECURSION = YES;
				CLANG_WARN_INT_CONVERSION = YES;
				CLANG_WARN_NON_LITERAL_NULL_CONVERSION = YES;
				CLANG_WARN_OBJC_IMPLICIT_RETAIN_SELF = YES;
				CLANG_WARN_OBJC_LITERAL_CONVERSION = YES;
				CLANG_WARN_OBJC_ROOT_CLASS = YES_ERROR;
				CLANG_WARN_QUOTED_INCLUDE_IN_FRAMEWORK_HEADER = YES;
				CLANG_WARN_RANGE_LOOP_ANALYSIS = YES;
				CLANG_WARN_STRICT_PROTOTYPES = YES;
				CLANG_WARN_SUSPICIOUS_MOVE = YES;
				CLANG_WARN_UNGUARDED_AVAILABILITY = YES_AGGRESSIVE;
				CLANG_WARN_UNREACHABLE_CODE = YES;
				CLANG_WARN__DUPLICATE_METHOD_MATCH = YES;
				COPY_PHASE_STRIP = NO;
				DEBUG_INFORMATION_FORMAT = "dwarf-with-dsym";
				ENABLE_NS_ASSERTIONS = NO;
				ENABLE_STRICT_OBJC_MSGSEND = YES;
				GCC_C_LANGUAGE_STANDARD = gnu11;
				GCC_NO_COMMON_BLOCKS = YES;
				GCC_WARN_64_TO_32_BIT_CONVERSION = YES;
				GCC_WARN_ABOUT_RETURN_TYPE = YES_ERROR;
				GCC_WARN_UNDECLARED_SELECTOR = YES;
				GCC_WARN_UNINITIALIZED_AUTOS = YES_AGGRESSIVE;
				GCC_WARN_UNUSED_FUNCTION = YES;
				GCC_WARN_UNUSED_VARIABLE = YES;
				IPHONEOS_DEPLOYMENT_TARGET = 14.5;
				MTL_ENABLE_DEBUG_INFO = NO;
				MTL_FAST_MATH = YES;
				SDKROOT = iphoneos;
				SWIFT_COMPILATION_MODE = wholemodule;
				SWIFT_OPTIMIZATION_LEVEL = "-O";
				VALIDATE_PRODUCT = YES;
			};
			name = Release;
		};
		8664CF90267A0DE100AE2E36 /* Debug */ = {
			isa = XCBuildConfiguration;
			baseConfigurationReference = 6E705B06F031C6B29204FAB0 /* Pods-FtpUploadDemo.debug.xcconfig */;
			buildSettings = {
				ASSETCATALOG_COMPILER_APPICON_NAME = AppIcon;
				ASSETCATALOG_COMPILER_GLOBAL_ACCENT_COLOR_NAME = AccentColor;
				CODE_SIGN_STYLE = Automatic;
				DEVELOPMENT_ASSET_PATHS = "\"FtpUploadDemo/Preview Content\"";
				DEVELOPMENT_TEAM = CZ6GH645A6;
				ENABLE_PREVIEWS = YES;
				INFOPLIST_FILE = FtpUploadDemo/Info.plist;
				IPHONEOS_DEPLOYMENT_TARGET = 14.0;
				LD_RUNPATH_SEARCH_PATHS = (
					"$(inherited)",
					"@executable_path/Frameworks",
				);
				PRODUCT_BUNDLE_IDENTIFIER = com.zombie.FtpUploadDemo;
				PRODUCT_NAME = "$(TARGET_NAME)";
				SWIFT_VERSION = 5.0;
				TARGETED_DEVICE_FAMILY = "1,2";
			};
			name = Debug;
		};
		8664CF91267A0DE100AE2E36 /* Release */ = {
			isa = XCBuildConfiguration;
			baseConfigurationReference = 2C2C893AD3EAB0403523D1C7 /* Pods-FtpUploadDemo.release.xcconfig */;
			buildSettings = {
				ASSETCATALOG_COMPILER_APPICON_NAME = AppIcon;
				ASSETCATALOG_COMPILER_GLOBAL_ACCENT_COLOR_NAME = AccentColor;
				CODE_SIGN_STYLE = Automatic;
				DEVELOPMENT_ASSET_PATHS = "\"FtpUploadDemo/Preview Content\"";
				DEVELOPMENT_TEAM = CZ6GH645A6;
				ENABLE_PREVIEWS = YES;
				INFOPLIST_FILE = FtpUploadDemo/Info.plist;
				IPHONEOS_DEPLOYMENT_TARGET = 14.0;
				LD_RUNPATH_SEARCH_PATHS = (
					"$(inherited)",
					"@executable_path/Frameworks",
				);
				PRODUCT_BUNDLE_IDENTIFIER = com.zombie.FtpUploadDemo;
				PRODUCT_NAME = "$(TARGET_NAME)";
				SWIFT_VERSION = 5.0;
				TARGETED_DEVICE_FAMILY = "1,2";
			};
			name = Release;
		};
		8664CF93267A0DE100AE2E36 /* Debug */ = {
			isa = XCBuildConfiguration;
			baseConfigurationReference = 72EB526B98B13DAA51EB9C22 /* Pods-FtpUploadDemoTests.debug.xcconfig */;
			buildSettings = {
				ALWAYS_EMBED_SWIFT_STANDARD_LIBRARIES = YES;
				BUNDLE_LOADER = "$(TEST_HOST)";
				CODE_SIGN_STYLE = Automatic;
				DEVELOPMENT_TEAM = CZ6GH645A6;
				INFOPLIST_FILE = FtpUploadDemoTests/Info.plist;
				IPHONEOS_DEPLOYMENT_TARGET = 14.0;
				LD_RUNPATH_SEARCH_PATHS = (
					"$(inherited)",
					"@executable_path/Frameworks",
					"@loader_path/Frameworks",
				);
				PRODUCT_BUNDLE_IDENTIFIER = com.zombie.FtpUploadDemoTests;
				PRODUCT_NAME = "$(TARGET_NAME)";
				SWIFT_VERSION = 5.0;
				TARGETED_DEVICE_FAMILY = "1,2";
				TEST_HOST = "$(BUILT_PRODUCTS_DIR)/FtpUploadDemo.app/FtpUploadDemo";
			};
			name = Debug;
		};
		8664CF94267A0DE100AE2E36 /* Release */ = {
			isa = XCBuildConfiguration;
			baseConfigurationReference = CCDE1EA0AAA479C3739F9336 /* Pods-FtpUploadDemoTests.release.xcconfig */;
			buildSettings = {
				ALWAYS_EMBED_SWIFT_STANDARD_LIBRARIES = YES;
				BUNDLE_LOADER = "$(TEST_HOST)";
				CODE_SIGN_STYLE = Automatic;
				DEVELOPMENT_TEAM = CZ6GH645A6;
				INFOPLIST_FILE = FtpUploadDemoTests/Info.plist;
				IPHONEOS_DEPLOYMENT_TARGET = 14.0;
				LD_RUNPATH_SEARCH_PATHS = (
					"$(inherited)",
					"@executable_path/Frameworks",
					"@loader_path/Frameworks",
				);
				PRODUCT_BUNDLE_IDENTIFIER = com.zombie.FtpUploadDemoTests;
				PRODUCT_NAME = "$(TARGET_NAME)";
				SWIFT_VERSION = 5.0;
				TARGETED_DEVICE_FAMILY = "1,2";
				TEST_HOST = "$(BUILT_PRODUCTS_DIR)/FtpUploadDemo.app/FtpUploadDemo";
			};
			name = Release;
		};
		8664CF96267A0DE100AE2E36 /* Debug */ = {
			isa = XCBuildConfiguration;
			baseConfigurationReference = 8EBE30A90494BFFECF43D3F3 /* Pods-FtpUploadDemo-FtpUploadDemoUITests.debug.xcconfig */;
			buildSettings = {
				ALWAYS_EMBED_SWIFT_STANDARD_LIBRARIES = YES;
				CODE_SIGN_STYLE = Automatic;
				DEVELOPMENT_TEAM = CZ6GH645A6;
				INFOPLIST_FILE = FtpUploadDemoUITests/Info.plist;
				LD_RUNPATH_SEARCH_PATHS = (
					"$(inherited)",
					"@executable_path/Frameworks",
					"@loader_path/Frameworks",
				);
				PRODUCT_BUNDLE_IDENTIFIER = com.zombie.FtpUploadDemoUITests;
				PRODUCT_NAME = "$(TARGET_NAME)";
				SWIFT_VERSION = 5.0;
				TARGETED_DEVICE_FAMILY = "1,2";
				TEST_TARGET_NAME = FtpUploadDemo;
			};
			name = Debug;
		};
		8664CF97267A0DE100AE2E36 /* Release */ = {
			isa = XCBuildConfiguration;
			baseConfigurationReference = F3443BCB170AF866CA798634 /* Pods-FtpUploadDemo-FtpUploadDemoUITests.release.xcconfig */;
			buildSettings = {
				ALWAYS_EMBED_SWIFT_STANDARD_LIBRARIES = YES;
				CODE_SIGN_STYLE = Automatic;
				DEVELOPMENT_TEAM = CZ6GH645A6;
				INFOPLIST_FILE = FtpUploadDemoUITests/Info.plist;
				LD_RUNPATH_SEARCH_PATHS = (
					"$(inherited)",
					"@executable_path/Frameworks",
					"@loader_path/Frameworks",
				);
				PRODUCT_BUNDLE_IDENTIFIER = com.zombie.FtpUploadDemoUITests;
				PRODUCT_NAME = "$(TARGET_NAME)";
				SWIFT_VERSION = 5.0;
				TARGETED_DEVICE_FAMILY = "1,2";
				TEST_TARGET_NAME = FtpUploadDemo;
			};
			name = Release;
		};
/* End XCBuildConfiguration section */

/* Begin XCConfigurationList section */
		8664CF65267A0DE000AE2E36 /* Build configuration list for PBXProject "FtpUploadDemo" */ = {
			isa = XCConfigurationList;
			buildConfigurations = (
				8664CF8D267A0DE100AE2E36 /* Debug */,
				8664CF8E267A0DE100AE2E36 /* Release */,
			);
			defaultConfigurationIsVisible = 0;
			defaultConfigurationName = Release;
		};
		8664CF8F267A0DE100AE2E36 /* Build configuration list for PBXNativeTarget "FtpUploadDemo" */ = {
			isa = XCConfigurationList;
			buildConfigurations = (
				8664CF90267A0DE100AE2E36 /* Debug */,
				8664CF91267A0DE100AE2E36 /* Release */,
			);
			defaultConfigurationIsVisible = 0;
			defaultConfigurationName = Release;
		};
		8664CF92267A0DE100AE2E36 /* Build configuration list for PBXNativeTarget "FtpUploadDemoTests" */ = {
			isa = XCConfigurationList;
			buildConfigurations = (
				8664CF93267A0DE100AE2E36 /* Debug */,
				8664CF94267A0DE100AE2E36 /* Release */,
			);
			defaultConfigurationIsVisible = 0;
			defaultConfigurationName = Release;
		};
		8664CF95267A0DE100AE2E36 /* Build configuration list for PBXNativeTarget "FtpUploadDemoUITests" */ = {
			isa = XCConfigurationList;
			buildConfigurations = (
				8664CF96267A0DE100AE2E36 /* Debug */,
				8664CF97267A0DE100AE2E36 /* Release */,
			);
			defaultConfigurationIsVisible = 0;
			defaultConfigurationName = Release;
		};
/* End XCConfigurationList section */
	};
	rootObject = 8664CF62267A0DE000AE2E36 /* Project object */;
}
